
Microsoft Visual Studio Solution File, Format Version 12.00
# Visual Studio Version 16
VisualStudioVersion = 16.0.29503.13
MinimumVisualStudioVersion = 10.0.40219.1
Project("{9A19103F-16F7-4668-BE54-9A1E7A4F7556}") = "TrackerLibrary", "TrackerLibrary.csproj", "{D628331D-73D4-4220-B6FA-8CC4807F5ED0}"
EndProject
Project("{FAE04EC0-301F-11D3-BF4B-00C04F79EFBC}") = "TrackerUI", "..\TrackerUI\TrackerUI.csproj", "{FA489B39-B412-4093-B60C-DF28B4847ECE}"
EndProject
Global
	GlobalSection(SolutionConfigurationPlatforms) = preSolution
		Debug|Any CPU = Debug|Any CPU
		Release|Any CPU = Release|Any CPU
	EndGlobalSection
	GlobalSection(ProjectConfigurationPlatforms) = postSolution
		{D628331D-73D4-4220-B6FA-8CC4807F5ED0}.Debug|Any CPU.ActiveCfg = Debug|Any CPU
		{D628331D-73D4-4220-B6FA-8CC4807F5ED0}.Debug|Any CPU.Build.0 = Debug|Any CPU
		{D628331D-73D4-4220-B6FA-8CC4807F5ED0}.Release|Any CPU.ActiveCfg = Release|Any CPU
		{D628331D-73D4-4220-B6FA-8CC4807F5ED0}.Release|Any CPU.Build.0 = Release|Any CPU
		{FA489B39-B412-4093-B60C-DF28B4847ECE}.Debug|Any CPU.ActiveCfg = Debug|Any CPU
		{FA489B39-B412-4093-B60C-DF28B4847ECE}.Debug|Any CPU.Build.0 = Debug|Any CPU
		{FA489B39-B412-4093-B60C-DF28B4847ECE}.Release|Any CPU.ActiveCfg = Release|Any CPU
		{FA489B39-B412-4093-B60C-DF28B4847ECE}.Release|Any CPU.Build.0 = Release|Any CPU
	EndGlobalSection
	GlobalSection(SolutionProperties) = preSolution
		HideSolutionNode = FALSE
	EndGlobalSection
	GlobalSection(ExtensibilityGlobals) = postSolution
		SolutionGuid = {5D656DA9-A616-4B26-B438-0422BEA789E3}
	EndGlobalSection
EndGlobal
